
Microsoft Visual Studio Solution File, Format Version 12.00
# Visual Studio 2013
VisualStudioVersion = 12.0.30501.0
MinimumVisualStudioVersion = 10.0.40219.1
Project("{8BC9CEB8-8B4A-11D0-8D11-00A0C91BC942}") = "time", "time.vcxproj", "{8B6A64C7-3FD9-4C3F-8F5E-11E212964BED}"
EndProject
Global
	GlobalSection(SolutionConfigurationPlatforms) = preSolution
		Debug|Win32 = Debug|Win32
		Release|Win32 = Release|Win32
	EndGlobalSection
	GlobalSection(ProjectConfigurationPlatforms) = postSolution
		{8B6A64C7-3FD9-4C3F-8F5E-11E212964BED}.Debug|Win32.ActiveCfg = Debug|Win32
		{8B6A64C7-3FD9-4C3F-8F5E-11E212964BED}.Debug|Win32.Build.0 = Debug|Win32
		{8B6A64C7-3FD9-4C3F-8F5E-11E212964BED}.Release|Win32.ActiveCfg = Release|Win32
		{8B6A64C7-3FD9-4C3F-8F5E-11E212964BED}.Release|Win32.Build.0 = Release|Win32
	EndGlobalSection
	GlobalSection(SolutionProperties) = preSolution
		HideSolutionNode = FALSE
	EndGlobalSection
EndGlobal
